// !$*UTF8*$!
{
	archiveVersion = 1;
	classes = {
	};
	objectVersion = 50;
	objects = {

/* Begin PBXBuildFile section */
		9AE40EAD23F012B40006B57A /* AppDelegate.swift in Sources */ = {isa = PBXBuildFile; fileRef = 9AE40EAC23F012B40006B57A /* AppDelegate.swift */; };
		9AE40EAF23F012B40006B57A /* SceneDelegate.swift in Sources */ = {isa = PBXBuildFile; fileRef = 9AE40EAE23F012B40006B57A /* SceneDelegate.swift */; };
		9AE40EB123F012B40006B57A /* ContentView.swift in Sources */ = {isa = PBXBuildFile; fileRef = 9AE40EB023F012B40006B57A /* ContentView.swift */; };
		9AE40EB323F012B90006B57A /* Assets.xcassets in Resources */ = {isa = PBXBuildFile; fileRef = 9AE40EB223F012B90006B57A /* Assets.xcassets */; };
		9AE40EB623F012B90006B57A /* Preview Assets.xcassets in Resources */ = {isa = PBXBuildFile; fileRef = 9AE40EB523F012B90006B57A /* Preview Assets.xcassets */; };
		9AE40EB923F012B90006B57A /* LaunchScreen.storyboard in Resources */ = {isa = PBXBuildFile; fileRef = 9AE40EB723F012B90006B57A /* LaunchScreen.storyboard */; };
/* End PBXBuildFile section */

/* Begin PBXFileReference section */
		9AE40EA923F012B40006B57A /* dolphin_stagram.app */ = {isa = PBXFileReference; explicitFileType = wrapper.application; includeInIndex = 0; path = dolphin_stagram.app; sourceTree = BUILT_PRODUCTS_DIR; };
		9AE40EAC23F012B40006B57A /* AppDelegate.swift */ = {isa = PBXFileReference; lastKnownFileType = sourcecode.swift; path = AppDelegate.swift; sourceTree = "<group>"; };
		9AE40EAE23F012B40006B57A /* SceneDelegate.swift */ = {isa = PBXFileReference; lastKnownFileType = sourcecode.swift; path = SceneDelegate.swift; sourceTree = "<group>"; };
		9AE40EB023F012B40006B57A /* ContentView.swift */ = {isa = PBXFileReference; lastKnownFileType = sourcecode.swift; path = ContentView.swift; sourceTree = "<group>"; };
		9AE40EB223F012B90006B57A /* Assets.xcassets */ = {isa = PBXFileReference; lastKnownFileType = folder.assetcatalog; path = Assets.xcassets; sourceTree = "<group>"; };
		9AE40EB523F012B90006B57A /* Preview Assets.xcassets */ = {isa = PBXFileReference; lastKnownFileType = folder.assetcatalog; path = "Preview Assets.xcassets"; sourceTree = "<group>"; };
		9AE40EB823F012B90006B57A /* Base */ = {isa = PBXFileReference; lastKnownFileType = file.storyboard; name = Base; path = Base.lproj/LaunchScreen.storyboard; sourceTree = "<group>"; };
		9AE40EBA23F012B90006B57A /* Info.plist */ = {isa = PBXFileReference; lastKnownFileType = text.plist.xml; path = Info.plist; sourceTree = "<group>"; };
/* End PBXFileReference section */

/* Begin PBXFrameworksBuildPhase section */
		9AE40EA623F012B40006B57A /* Frameworks */ = {
			isa = PBXFrameworksBuildPhase;
			buildActionMask = 2147483647;
			files = (
			);
			runOnlyForDeploymentPostprocessing = 0;
		};
/* End PBXFrameworksBuildPhase section */

/* Begin PBXGroup section */
		9AE40EA023F012B40006B57A = {
			isa = PBXGroup;
			children = (
				9AE40EAB23F012B40006B57A /* dolphin_stagram */,
				9AE40EAA23F012B40006B57A /* Products */,
			);
			sourceTree = "<group>";
		};
		9AE40EAA23F012B40006B57A /* Products */ = {
			isa = PBXGroup;
			children = (
				9AE40EA923F012B40006B57A /* dolphin_stagram.app */,
			);
			name = Products;
			sourceTree = "<group>";
		};
		9AE40EAB23F012B40006B57A /* dolphin_stagram */ = {
			isa = PBXGroup;
			children = (
				9AE40EAC23F012B40006B57A /* AppDelegate.swift */,
				9AE40EAE23F012B40006B57A /* SceneDelegate.swift */,
				9AE40EB023F012B40006B57A /* ContentView.swift */,
				9AE40EB223F012B90006B57A /* Assets.xcassets */,
				9AE40EB723F012B90006B57A /* LaunchScreen.storyboard */,
				9AE40EBA23F012B90006B57A /* Info.plist */,
				9AE40EB423F012B90006B57A /* Preview Content */,
			);
			path = dolphin_stagram;
			sourceTree = "<group>";
		};
		9AE40EB423F012B90006B57A /* Preview Content */ = {
			isa = PBXGroup;
			children = (
				9AE40EB523F012B90006B57A /* Preview Assets.xcassets */,
			);
			path = "Preview Content";
			sourceTree = "<group>";
		};
/* End PBXGroup section */

/* Begin PBXNativeTarget section */
		9AE40EA823F012B40006B57A /* dolphin_stagram */ = {
			isa = PBXNativeTarget;
			buildConfigurationList = 9AE40EBD23F012B90006B57A /* Build configuration list for PBXNativeTarget "dolphin_stagram" */;
			buildPhases = (
				9AE40EA523F012B40006B57A /* Sources */,
				9AE40EA623F012B40006B57A /* Frameworks */,
				9AE40EA723F012B40006B57A /* Resources */,
			);
			buildRules = (
			);
			dependencies = (
			);
			name = dolphin_stagram;
			productName = dolphin_stagram;
			productReference = 9AE40EA923F012B40006B57A /* dolphin_stagram.app */;
			productType = "com.apple.product-type.application";
		};
/* End PBXNativeTarget section */

/* Begin PBXProject section */
		9AE40EA123F012B40006B57A /* Project object */ = {
			isa = PBXProject;
			attributes = {
				LastSwiftUpdateCheck = 1130;
				LastUpgradeCheck = 1130;
				ORGANIZATIONNAME = "박찬영";
				TargetAttributes = {
					9AE40EA823F012B40006B57A = {
						CreatedOnToolsVersion = 11.3.1;
					};
				};
			};
			buildConfigurationList = 9AE40EA423F012B40006B57A /* Build configuration list for PBXProject "dolphin_stagram" */;
			compatibilityVersion = "Xcode 9.3";
			developmentRegion = en;
			hasScannedForEncodings = 0;
			knownRegions = (
				en,
				Base,
			);
			mainGroup = 9AE40EA023F012B40006B57A;
			productRefGroup = 9AE40EAA23F012B40006B57A /* Products */;
			projectDirPath = "";
			projectRoot = "";
			targets = (
				9AE40EA823F012B40006B57A /* dolphin_stagram */,
			);
		};
/* End PBXProject section */

/* Begin PBXResourcesBuildPhase section */
		9AE40EA723F012B40006B57A /* Resources */ = {
			isa = PBXResourcesBuildPhase;
			buildActionMask = 2147483647;
			files = (
				9AE40EB923F012B90006B57A /* LaunchScreen.storyboard in Resources */,
				9AE40EB623F012B90006B57A /* Preview Assets.xcassets in Resources */,
				9AE40EB323F012B90006B57A /* Assets.xcassets in Resources */,
			);
			runOnlyForDeploymentPostprocessing = 0;
		};
/* End PBXResourcesBuildPhase section */

/* Begin PBXSourcesBuildPhase section */
		9AE40EA523F012B40006B57A /* Sources */ = {
			isa = PBXSourcesBuildPhase;
			buildActionMask = 2147483647;
			files = (
				9AE40EAD23F012B40006B57A /* AppDelegate.swift in Sources */,
				9AE40EAF23F012B40006B57A /* SceneDelegate.swift in Sources */,
				9AE40EB123F012B40006B57A /* ContentView.swift in Sources */,
			);
			runOnlyForDeploymentPostprocessing = 0;
		};
/* End PBXSourcesBuildPhase section */

/* Begin PBXVariantGroup section */
		9AE40EB723F012B90006B57A /* LaunchScreen.storyboard */ = {
			isa = PBXVariantGroup;
			children = (
				9AE40EB823F012B90006B57A /* Base */,
			);
			name = LaunchScreen.storyboard;
			sourceTree = "<group>";
		};
/* End PBXVariantGroup section */

/* Begin XCBuildConfiguration section */
		9AE40EBB23F012B90006B57A /* Debug */ = {
			isa = XCBuildConfiguration;
			buildSettings = {
				ALWAYS_SEARCH_USER_PATHS = NO;
				CLANG_ANALYZER_NONNULL = YES;
				CLANG_ANALYZER_NUMBER_OBJECT_CONVERSION = YES_AGGRESSIVE;
				CLANG_CXX_LANGUAGE_STANDARD = "gnu++14";
				CLANG_CXX_LIBRARY = "libc++";
				CLANG_ENABLE_MODULES = YES;
				CLANG_ENABLE_OBJC_ARC = YES;
				CLANG_ENABLE_OBJC_WEAK = YES;
				CLANG_WARN_BLOCK_CAPTURE_AUTORELEASING = YES;
				CLANG_WARN_BOOL_CONVERSION = YES;
				CLANG_WARN_COMMA = YES;
				CLANG_WARN_CONSTANT_CONVERSION = YES;
				CLANG_WARN_DEPRECATED_OBJC_IMPLEMENTATIONS = YES;
				CLANG_WARN_DIRECT_OBJC_ISA_USAGE = YES_ERROR;
				CLANG_WARN_DOCUMENTATION_COMMENTS = YES;
				CLANG_WARN_EMPTY_BODY = YES;
				CLANG_WARN_ENUM_CONVERSION = YES;
				CLANG_WARN_INFINITE_RECURSION = YES;
				CLANG_WARN_INT_CONVERSION = YES;
				CLANG_WARN_NON_LITERAL_NULL_CONVERSION = YES;
				CLANG_WARN_OBJC_IMPLICIT_RETAIN_SELF = YES;
				CLANG_WARN_OBJC_LITERAL_CONVERSION = YES;
				CLANG_WARN_OBJC_ROOT_CLASS = YES_ERROR;
				CLANG_WARN_RANGE_LOOP_ANALYSIS = YES;
				CLANG_WARN_STRICT_PROTOTYPES = YES;
				CLANG_WARN_SUSPICIOUS_MOVE = YES;
				CLANG_WARN_UNGUARDED_AVAILABILITY = YES_AGGRESSIVE;
				CLANG_WARN_UNREACHABLE_CODE = YES;
				CLANG_WARN__DUPLICATE_METHOD_MATCH = YES;
				COPY_PHASE_STRIP = NO;
				DEBUG_INFORMATION_FORMAT = dwarf;
				ENABLE_STRICT_OBJC_MSGSEND = YES;
				ENABLE_TESTABILITY = YES;
				GCC_C_LANGUAGE_STANDARD = gnu11;
				GCC_DYNAMIC_NO_PIC = NO;
				GCC_NO_COMMON_BLOCKS = YES;
				GCC_OPTIMIZATION_LEVEL = 0;
				GCC_PREPROCESSOR_DEFINITIONS = (
					"DEBUG=1",
					"$(inherited)",
				);
				GCC_WARN_64_TO_32_BIT_CONVERSION = YES;
				GCC_WARN_ABOUT_RETURN_TYPE = YES_ERROR;
				GCC_WARN_UNDECLARED_SELECTOR = YES;
				GCC_WARN_UNINITIALIZED_AUTOS = YES_AGGRESSIVE;
				GCC_WARN_UNUSED_FUNCTION = YES;
				GCC_WARN_UNUSED_VARIABLE = YES;
				IPHONEOS_DEPLOYMENT_TARGET = 13.2;
				MTL_ENABLE_DEBUG_INFO = INCLUDE_SOURCE;
				MTL_FAST_MATH = YES;
				ONLY_ACTIVE_ARCH = YES;
				SDKROOT = iphoneos;
				SWIFT_ACTIVE_COMPILATION_CONDITIONS = DEBUG;
				SWIFT_OPTIMIZATION_LEVEL = "-Onone";
			};
			name = Debug;
		};
		9AE40EBC23F012B90006B57A /* Release */ = {
			isa = XCBuildConfiguration;
			buildSettings = {
				ALWAYS_SEARCH_USER_PATHS = NO;
				CLANG_ANALYZER_NONNULL = YES;
				CLANG_ANALYZER_NUMBER_OBJECT_CONVERSION = YES_AGGRESSIVE;
				CLANG_CXX_LANGUAGE_STANDARD = "gnu++14";
				CLANG_CXX_LIBRARY = "libc++";
				CLANG_ENABLE_MODULES = YES;
				CLANG_ENABLE_OBJC_ARC = YES;
				CLANG_ENABLE_OBJC_WEAK = YES;
				CLANG_WARN_BLOCK_CAPTURE_AUTORELEASING = YES;
				CLANG_WARN_BOOL_CONVERSION = YES;
				CLANG_WARN_COMMA = YES;
				CLANG_WARN_CONSTANT_CONVERSION = YES;
				CLANG_WARN_DEPRECATED_OBJC_IMPLEMENTATIONS = YES;
				CLANG_WARN_DIRECT_OBJC_ISA_USAGE = YES_ERROR;
				CLANG_WARN_DOCUMENTATION_COMMENTS = YES;
				CLANG_WARN_EMPTY_BODY = YES;
				CLANG_WARN_ENUM_CONVERSION = YES;
				CLANG_WARN_INFINITE_RECURSION = YES;
				CLANG_WARN_INT_CONVERSION = YES;
				CLANG_WARN_NON_LITERAL_NULL_CONVERSION = YES;
				CLANG_WARN_OBJC_IMPLICIT_RETAIN_SELF = YES;
				CLANG_WARN_OBJC_LITERAL_CONVERSION = YES;
				CLANG_WARN_OBJC_ROOT_CLASS = YES_ERROR;
				CLANG_WARN_RANGE_LOOP_ANALYSIS = YES;
				CLANG_WARN_STRICT_PROTOTYPES = YES;
				CLANG_WARN_SUSPICIOUS_MOVE = YES;
				CLANG_WARN_UNGUARDED_AVAILABILITY = YES_AGGRESSIVE;
				CLANG_WARN_UNREACHABLE_CODE = YES;
				CLANG_WARN__DUPLICATE_METHOD_MATCH = YES;
				COPY_PHASE_STRIP = NO;
				DEBUG_INFORMATION_FORMAT = "dwarf-with-dsym";
				ENABLE_NS_ASSERTIONS = NO;
				ENABLE_STRICT_OBJC_MSGSEND = YES;
				GCC_C_LANGUAGE_STANDARD = gnu11;
				GCC_NO_COMMON_BLOCKS = YES;
				GCC_WARN_64_TO_32_BIT_CONVERSION = YES;
				GCC_WARN_ABOUT_RETURN_TYPE = YES_ERROR;
				GCC_WARN_UNDECLARED_SELECTOR = YES;
				GCC_WARN_UNINITIALIZED_AUTOS = YES_AGGRESSIVE;
				GCC_WARN_UNUSED_FUNCTION = YES;
				GCC_WARN_UNUSED_VARIABLE = YES;
				IPHONEOS_DEPLOYMENT_TARGET = 13.2;
				MTL_ENABLE_DEBUG_INFO = NO;
				MTL_FAST_MATH = YES;
				SDKROOT = iphoneos;
				SWIFT_COMPILATION_MODE = wholemodule;
				SWIFT_OPTIMIZATION_LEVEL = "-O";
				VALIDATE_PRODUCT = YES;
			};
			name = Release;
		};
		9AE40EBE23F012B90006B57A /* Debug */ = {
			isa = XCBuildConfiguration;
			buildSettings = {
				ASSETCATALOG_COMPILER_APPICON_NAME = AppIcon;
				CODE_SIGN_STYLE = Automatic;
				DEVELOPMENT_ASSET_PATHS = "\"dolphin_stagram/Preview Content\"";
				DEVELOPMENT_TEAM = X4AY89W7YP;
				ENABLE_PREVIEWS = YES;
				INFOPLIST_FILE = dolphin_stagram/Info.plist;
				LD_RUNPATH_SEARCH_PATHS = (
					"$(inherited)",
					"@executable_path/Frameworks",
				);
				PRODUCT_BUNDLE_IDENTIFIER = "pcy.dolphin-stagram";
				PRODUCT_NAME = "$(TARGET_NAME)";
				SWIFT_VERSION = 5.0;
				TARGETED_DEVICE_FAMILY = "1,2";
			};
			name = Debug;
		};
		9AE40EBF23F012B90006B57A /* Release */ = {
			isa = XCBuildConfiguration;
			buildSettings = {
				ASSETCATALOG_COMPILER_APPICON_NAME = AppIcon;
				CODE_SIGN_STYLE = Automatic;
				DEVELOPMENT_ASSET_PATHS = "\"dolphin_stagram/Preview Content\"";
				DEVELOPMENT_TEAM = X4AY89W7YP;
				ENABLE_PREVIEWS = YES;
				INFOPLIST_FILE = dolphin_stagram/Info.plist;
				LD_RUNPATH_SEARCH_PATHS = (
					"$(inherited)",
					"@executable_path/Frameworks",
				);
				PRODUCT_BUNDLE_IDENTIFIER = "pcy.dolphin-stagram";
				PRODUCT_NAME = "$(TARGET_NAME)";
				SWIFT_VERSION = 5.0;
				TARGETED_DEVICE_FAMILY = "1,2";
			};
			name = Release;
		};
/* End XCBuildConfiguration section */

/* Begin XCConfigurationList section */
		9AE40EA423F012B40006B57A /* Build configuration list for PBXProject "dolphin_stagram" */ = {
			isa = XCConfigurationList;
			buildConfigurations = (
				9AE40EBB23F012B90006B57A /* Debug */,
				9AE40EBC23F012B90006B57A /* Release */,
			);
			defaultConfigurationIsVisible = 0;
			defaultConfigurationName = Release;
		};
		9AE40EBD23F012B90006B57A /* Build configuration list for PBXNativeTarget "dolphin_stagram" */ = {
			isa = XCConfigurationList;
			buildConfigurations = (
				9AE40EBE23F012B90006B57A /* Debug */,
				9AE40EBF23F012B90006B57A /* Release */,
			);
			defaultConfigurationIsVisible = 0;
			defaultConfigurationName = Release;
		};
/* End XCConfigurationList section */
	};
	rootObject = 9AE40EA123F012B40006B57A /* Project object */;
}
